
Microsoft Visual Studio Solution File, Format Version 11.00
# Visual Studio 2010
Project("{2150E333-8FDC-42A3-9474-1A3956D46DE8}") = "BusinessLayer", "BusinessLayer", "{D4631E24-977F-4D53-B57B-786E4AD31341}"
EndProject
Project("{2150E333-8FDC-42A3-9474-1A3956D46DE8}") = "DataAccessLayer", "DataAccessLayer", "{19B20D04-89A4-4D86-A88B-83559A2AB5F3}"
EndProject
Project("{2150E333-8FDC-42A3-9474-1A3956D46DE8}") = "DataEntityLayer", "DataEntityLayer", "{03C0BB9E-57AB-42DF-931E-DF8DC665AC67}"
EndProject
Project("{2150E333-8FDC-42A3-9474-1A3956D46DE8}") = "PresentionLayer", "PresentionLayer", "{02940B45-6D51-42D7-A784-85A3C99FBFE8}"
EndProject
Project("{FAE04EC0-301F-11D3-BF4B-00C04F79EFBC}") = "DSInfo.Business", "DSInfo.Business\DSInfo.Business.csproj", "{4298F985-BE43-4B6D-B946-E81FD42639DE}"
EndProject
Project("{FAE04EC0-301F-11D3-BF4B-00C04F79EFBC}") = "DSInfo.DataAccess", "DSInfo.DataAccess\DSInfo.DataAccess.csproj", "{98458F0E-90C0-492A-BC5F-AB0D8B4B3531}"
EndProject
Project("{FAE04EC0-301F-11D3-BF4B-00C04F79EFBC}") = "DSInfo.DataEntity", "DSInfo.DataEntity\DSInfo.DataEntity.csproj", "{FBE774CA-1F30-4329-BE1B-525F09E71074}"
EndProject
Project("{FAE04EC0-301F-11D3-BF4B-00C04F79EFBC}") = "DSInfo.MVC3Site", "DSInfo.MVC3Site\DSInfo.MVC3Site.csproj", "{DDFB9480-391D-407C-9A6C-D129CB5B1F83}"
EndProject
Project("{FAE04EC0-301F-11D3-BF4B-00C04F79EFBC}") = "DSInfo.OldSite", "DSInfo.OldSite\DSInfo.OldSite.csproj", "{D8934891-ED15-47C2-85DE-A5B4A8EBC99E}"
EndProject
Project("{2150E333-8FDC-42A3-9474-1A3956D46DE8}") = "ZDllCreate", "ZDllCreate", "{1A712B12-0698-4B03-81D9-D6472E291303}"
EndProject
Project("{FAE04EC0-301F-11D3-BF4B-00C04F79EFBC}") = "DSInfo.UtilityFunction", "DSInfo.UtilityFunction\DSInfo.UtilityFunction.csproj", "{98D941AF-B2F9-4BD4-977F-02B9FA0F9DC6}"
EndProject
Global
	GlobalSection(SolutionConfigurationPlatforms) = preSolution
		Debug|Any CPU = Debug|Any CPU
		Release|Any CPU = Release|Any CPU
	EndGlobalSection
	GlobalSection(ProjectConfigurationPlatforms) = postSolution
		{4298F985-BE43-4B6D-B946-E81FD42639DE}.Debug|Any CPU.ActiveCfg = Debug|Any CPU
		{4298F985-BE43-4B6D-B946-E81FD42639DE}.Debug|Any CPU.Build.0 = Debug|Any CPU
		{4298F985-BE43-4B6D-B946-E81FD42639DE}.Release|Any CPU.ActiveCfg = Release|Any CPU
		{4298F985-BE43-4B6D-B946-E81FD42639DE}.Release|Any CPU.Build.0 = Release|Any CPU
		{98458F0E-90C0-492A-BC5F-AB0D8B4B3531}.Debug|Any CPU.ActiveCfg = Debug|Any CPU
		{98458F0E-90C0-492A-BC5F-AB0D8B4B3531}.Debug|Any CPU.Build.0 = Debug|Any CPU
		{98458F0E-90C0-492A-BC5F-AB0D8B4B3531}.Release|Any CPU.ActiveCfg = Release|Any CPU
		{98458F0E-90C0-492A-BC5F-AB0D8B4B3531}.Release|Any CPU.Build.0 = Release|Any CPU
		{FBE774CA-1F30-4329-BE1B-525F09E71074}.Debug|Any CPU.ActiveCfg = Debug|Any CPU
		{FBE774CA-1F30-4329-BE1B-525F09E71074}.Debug|Any CPU.Build.0 = Debug|Any CPU
		{FBE774CA-1F30-4329-BE1B-525F09E71074}.Release|Any CPU.ActiveCfg = Release|Any CPU
		{FBE774CA-1F30-4329-BE1B-525F09E71074}.Release|Any CPU.Build.0 = Release|Any CPU
		{DDFB9480-391D-407C-9A6C-D129CB5B1F83}.Debug|Any CPU.ActiveCfg = Debug|Any CPU
		{DDFB9480-391D-407C-9A6C-D129CB5B1F83}.Debug|Any CPU.Build.0 = Debug|Any CPU
		{DDFB9480-391D-407C-9A6C-D129CB5B1F83}.Release|Any CPU.ActiveCfg = Release|Any CPU
		{DDFB9480-391D-407C-9A6C-D129CB5B1F83}.Release|Any CPU.Build.0 = Release|Any CPU
		{D8934891-ED15-47C2-85DE-A5B4A8EBC99E}.Debug|Any CPU.ActiveCfg = Debug|Any CPU
		{D8934891-ED15-47C2-85DE-A5B4A8EBC99E}.Debug|Any CPU.Build.0 = Debug|Any CPU
		{D8934891-ED15-47C2-85DE-A5B4A8EBC99E}.Release|Any CPU.ActiveCfg = Release|Any CPU
		{D8934891-ED15-47C2-85DE-A5B4A8EBC99E}.Release|Any CPU.Build.0 = Release|Any CPU
		{98D941AF-B2F9-4BD4-977F-02B9FA0F9DC6}.Debug|Any CPU.ActiveCfg = Debug|Any CPU
		{98D941AF-B2F9-4BD4-977F-02B9FA0F9DC6}.Debug|Any CPU.Build.0 = Debug|Any CPU
		{98D941AF-B2F9-4BD4-977F-02B9FA0F9DC6}.Release|Any CPU.ActiveCfg = Release|Any CPU
		{98D941AF-B2F9-4BD4-977F-02B9FA0F9DC6}.Release|Any CPU.Build.0 = Release|Any CPU
	EndGlobalSection
	GlobalSection(SolutionProperties) = preSolution
		HideSolutionNode = FALSE
	EndGlobalSection
	GlobalSection(NestedProjects) = preSolution
		{4298F985-BE43-4B6D-B946-E81FD42639DE} = {D4631E24-977F-4D53-B57B-786E4AD31341}
		{98458F0E-90C0-492A-BC5F-AB0D8B4B3531} = {19B20D04-89A4-4D86-A88B-83559A2AB5F3}
		{FBE774CA-1F30-4329-BE1B-525F09E71074} = {03C0BB9E-57AB-42DF-931E-DF8DC665AC67}
		{DDFB9480-391D-407C-9A6C-D129CB5B1F83} = {02940B45-6D51-42D7-A784-85A3C99FBFE8}
		{D8934891-ED15-47C2-85DE-A5B4A8EBC99E} = {02940B45-6D51-42D7-A784-85A3C99FBFE8}
		{98D941AF-B2F9-4BD4-977F-02B9FA0F9DC6} = {1A712B12-0698-4B03-81D9-D6472E291303}
	EndGlobalSection
EndGlobal
